// !$*UTF8*$!
{
	archiveVersion = 1;
	classes = {
	};
	objectVersion = 55;
	objects = {

/* Begin PBXBuildFile section */
		EDF3F83327623D2800B8D23D /* InAppMessaging_DuplicateApp.swift in Sources */ = {isa = PBXBuildFile; fileRef = EDF3F82327623D2700B8D23D /* InAppMessaging_DuplicateApp.swift */; };
		EDF3F83427623D2800B8D23D /* InAppMessaging_DuplicateApp.swift in Sources */ = {isa = PBXBuildFile; fileRef = EDF3F82327623D2700B8D23D /* InAppMessaging_DuplicateApp.swift */; };
		EDF3F83527623D2800B8D23D /* ContentView.swift in Sources */ = {isa = PBXBuildFile; fileRef = EDF3F82427623D2700B8D23D /* ContentView.swift */; };
		EDF3F83627623D2800B8D23D /* ContentView.swift in Sources */ = {isa = PBXBuildFile; fileRef = EDF3F82427623D2700B8D23D /* ContentView.swift */; };
		EDF3F83727623D2800B8D23D /* Assets.xcassets in Resources */ = {isa = PBXBuildFile; fileRef = EDF3F82527623D2800B8D23D /* Assets.xcassets */; };
		EDF3F83827623D2800B8D23D /* Assets.xcassets in Resources */ = {isa = PBXBuildFile; fileRef = EDF3F82527623D2800B8D23D /* Assets.xcassets */; };
/* End PBXBuildFile section */

/* Begin PBXFileReference section */
		EDF3F82327623D2700B8D23D /* InAppMessaging_DuplicateApp.swift */ = {isa = PBXFileReference; lastKnownFileType = sourcecode.swift; path = InAppMessaging_DuplicateApp.swift; sourceTree = "<group>"; };
		EDF3F82427623D2700B8D23D /* ContentView.swift */ = {isa = PBXFileReference; lastKnownFileType = sourcecode.swift; path = ContentView.swift; sourceTree = "<group>"; };
		EDF3F82527623D2800B8D23D /* Assets.xcassets */ = {isa = PBXFileReference; lastKnownFileType = folder.assetcatalog; path = Assets.xcassets; sourceTree = "<group>"; };
		EDF3F82A27623D2800B8D23D /* InAppMessaging-Duplicate.app */ = {isa = PBXFileReference; explicitFileType = wrapper.application; includeInIndex = 0; path = "InAppMessaging-Duplicate.app"; sourceTree = BUILT_PRODUCTS_DIR; };
		EDF3F83027623D2800B8D23D /* InAppMessaging-Duplicate.app */ = {isa = PBXFileReference; explicitFileType = wrapper.application; includeInIndex = 0; path = "InAppMessaging-Duplicate.app"; sourceTree = BUILT_PRODUCTS_DIR; };
		EDF3F83227623D2800B8D23D /* macOS.entitlements */ = {isa = PBXFileReference; lastKnownFileType = text.plist.entitlements; path = macOS.entitlements; sourceTree = "<group>"; };
/* End PBXFileReference section */

/* Begin PBXFrameworksBuildPhase section */
		EDF3F82727623D2800B8D23D /* Frameworks */ = {
			isa = PBXFrameworksBuildPhase;
			buildActionMask = 2147483647;
			files = (
			);
			runOnlyForDeploymentPostprocessing = 0;
		};
		EDF3F82D27623D2800B8D23D /* Frameworks */ = {
			isa = PBXFrameworksBuildPhase;
			buildActionMask = 2147483647;
			files = (
			);
			runOnlyForDeploymentPostprocessing = 0;
		};
/* End PBXFrameworksBuildPhase section */

/* Begin PBXGroup section */
		EDF3F81D27623D2700B8D23D = {
			isa = PBXGroup;
			children = (
				EDF3F82227623D2700B8D23D /* Shared */,
				EDF3F83127623D2800B8D23D /* macOS */,
				EDF3F82B27623D2800B8D23D /* Products */,
			);
			sourceTree = "<group>";
		};
		EDF3F82227623D2700B8D23D /* Shared */ = {
			isa = PBXGroup;
			children = (
				EDF3F82327623D2700B8D23D /* InAppMessaging_DuplicateApp.swift */,
				EDF3F82427623D2700B8D23D /* ContentView.swift */,
				EDF3F82527623D2800B8D23D /* Assets.xcassets */,
			);
			path = Shared;
			sourceTree = "<group>";
		};
		EDF3F82B27623D2800B8D23D /* Products */ = {
			isa = PBXGroup;
			children = (
				EDF3F82A27623D2800B8D23D /* InAppMessaging-Duplicate.app */,
				EDF3F83027623D2800B8D23D /* InAppMessaging-Duplicate.app */,
			);
			name = Products;
			sourceTree = "<group>";
		};
		EDF3F83127623D2800B8D23D /* macOS */ = {
			isa = PBXGroup;
			children = (
				EDF3F83227623D2800B8D23D /* macOS.entitlements */,
			);
			path = macOS;
			sourceTree = "<group>";
		};
/* End PBXGroup section */

/* Begin PBXNativeTarget section */
		EDF3F82927623D2800B8D23D /* InAppMessaging-Duplicate (iOS) */ = {
			isa = PBXNativeTarget;
			buildConfigurationList = EDF3F83B27623D2800B8D23D /* Build configuration list for PBXNativeTarget "InAppMessaging-Duplicate (iOS)" */;
			buildPhases = (
				EDF3F82627623D2800B8D23D /* Sources */,
				EDF3F82727623D2800B8D23D /* Frameworks */,
				EDF3F82827623D2800B8D23D /* Resources */,
			);
			buildRules = (
			);
			dependencies = (
			);
			name = "InAppMessaging-Duplicate (iOS)";
			productName = "InAppMessaging-Duplicate (iOS)";
			productReference = EDF3F82A27623D2800B8D23D /* InAppMessaging-Duplicate.app */;
			productType = "com.apple.product-type.application";
		};
		EDF3F82F27623D2800B8D23D /* InAppMessaging-Duplicate (macOS) */ = {
			isa = PBXNativeTarget;
			buildConfigurationList = EDF3F83E27623D2800B8D23D /* Build configuration list for PBXNativeTarget "InAppMessaging-Duplicate (macOS)" */;
			buildPhases = (
				EDF3F82C27623D2800B8D23D /* Sources */,
				EDF3F82D27623D2800B8D23D /* Frameworks */,
				EDF3F82E27623D2800B8D23D /* Resources */,
			);
			buildRules = (
			);
			dependencies = (
			);
			name = "InAppMessaging-Duplicate (macOS)";
			productName = "InAppMessaging-Duplicate (macOS)";
			productReference = EDF3F83027623D2800B8D23D /* InAppMessaging-Duplicate.app */;
			productType = "com.apple.product-type.application";
		};
/* End PBXNativeTarget section */

/* Begin PBXProject section */
		EDF3F81E27623D2700B8D23D /* Project object */ = {
			isa = PBXProject;
			attributes = {
				BuildIndependentTargetsInParallel = 1;
				LastSwiftUpdateCheck = 1310;
				LastUpgradeCheck = 1310;
				TargetAttributes = {
					EDF3F82927623D2800B8D23D = {
						CreatedOnToolsVersion = 13.1;
					};
					EDF3F82F27623D2800B8D23D = {
						CreatedOnToolsVersion = 13.1;
					};
				};
			};
			buildConfigurationList = EDF3F82127623D2700B8D23D /* Build configuration list for PBXProject "InAppMessaging-Duplicate" */;
			compatibilityVersion = "Xcode 13.0";
			developmentRegion = en;
			hasScannedForEncodings = 0;
			knownRegions = (
				en,
				Base,
			);
			mainGroup = EDF3F81D27623D2700B8D23D;
			productRefGroup = EDF3F82B27623D2800B8D23D /* Products */;
			projectDirPath = "";
			projectRoot = "";
			targets = (
				EDF3F82927623D2800B8D23D /* InAppMessaging-Duplicate (iOS) */,
				EDF3F82F27623D2800B8D23D /* InAppMessaging-Duplicate (macOS) */,
			);
		};
/* End PBXProject section */

/* Begin PBXResourcesBuildPhase section */
		EDF3F82827623D2800B8D23D /* Resources */ = {
			isa = PBXResourcesBuildPhase;
			buildActionMask = 2147483647;
			files = (
				EDF3F83727623D2800B8D23D /* Assets.xcassets in Resources */,
			);
			runOnlyForDeploymentPostprocessing = 0;
		};
		EDF3F82E27623D2800B8D23D /* Resources */ = {
			isa = PBXResourcesBuildPhase;
			buildActionMask = 2147483647;
			files = (
				EDF3F83827623D2800B8D23D /* Assets.xcassets in Resources */,
			);
			runOnlyForDeploymentPostprocessing = 0;
		};
/* End PBXResourcesBuildPhase section */

/* Begin PBXSourcesBuildPhase section */
		EDF3F82627623D2800B8D23D /* Sources */ = {
			isa = PBXSourcesBuildPhase;
			buildActionMask = 2147483647;
			files = (
				EDF3F83527623D2800B8D23D /* ContentView.swift in Sources */,
				EDF3F83327623D2800B8D23D /* InAppMessaging_DuplicateApp.swift in Sources */,
			);
			runOnlyForDeploymentPostprocessing = 0;
		};
		EDF3F82C27623D2800B8D23D /* Sources */ = {
			isa = PBXSourcesBuildPhase;
			buildActionMask = 2147483647;
			files = (
				EDF3F83627623D2800B8D23D /* ContentView.swift in Sources */,
				EDF3F83427623D2800B8D23D /* InAppMessaging_DuplicateApp.swift in Sources */,
			);
			runOnlyForDeploymentPostprocessing = 0;
		};
/* End PBXSourcesBuildPhase section */

/* Begin XCBuildConfiguration section */
		EDF3F83927623D2800B8D23D /* Debug */ = {
			isa = XCBuildConfiguration;
			buildSettings = {
				ALWAYS_SEARCH_USER_PATHS = NO;
				CLANG_ANALYZER_NONNULL = YES;
				CLANG_ANALYZER_NUMBER_OBJECT_CONVERSION = YES_AGGRESSIVE;
				CLANG_CXX_LANGUAGE_STANDARD = "gnu++17";
				CLANG_CXX_LIBRARY = "libc++";
				CLANG_ENABLE_MODULES = YES;
				CLANG_ENABLE_OBJC_ARC = YES;
				CLANG_ENABLE_OBJC_WEAK = YES;
				CLANG_WARN_BLOCK_CAPTURE_AUTORELEASING = YES;
				CLANG_WARN_BOOL_CONVERSION = YES;
				CLANG_WARN_COMMA = YES;
				CLANG_WARN_CONSTANT_CONVERSION = YES;
				CLANG_WARN_DEPRECATED_OBJC_IMPLEMENTATIONS = YES;
				CLANG_WARN_DIRECT_OBJC_ISA_USAGE = YES_ERROR;
				CLANG_WARN_DOCUMENTATION_COMMENTS = YES;
				CLANG_WARN_EMPTY_BODY = YES;
				CLANG_WARN_ENUM_CONVERSION = YES;
				CLANG_WARN_INFINITE_RECURSION = YES;
				CLANG_WARN_INT_CONVERSION = YES;
				CLANG_WARN_NON_LITERAL_NULL_CONVERSION = YES;
				CLANG_WARN_OBJC_IMPLICIT_RETAIN_SELF = YES;
				CLANG_WARN_OBJC_LITERAL_CONVERSION = YES;
				CLANG_WARN_OBJC_ROOT_CLASS = YES_ERROR;
				CLANG_WARN_QUOTED_INCLUDE_IN_FRAMEWORK_HEADER = YES;
				CLANG_WARN_RANGE_LOOP_ANALYSIS = YES;
				CLANG_WARN_STRICT_PROTOTYPES = YES;
				CLANG_WARN_SUSPICIOUS_MOVE = YES;
				CLANG_WARN_UNGUARDED_AVAILABILITY = YES_AGGRESSIVE;
				CLANG_WARN_UNREACHABLE_CODE = YES;
				CLANG_WARN__DUPLICATE_METHOD_MATCH = YES;
				COPY_PHASE_STRIP = NO;
				DEBUG_INFORMATION_FORMAT = dwarf;
				ENABLE_STRICT_OBJC_MSGSEND = YES;
				ENABLE_TESTABILITY = YES;
				GCC_C_LANGUAGE_STANDARD = gnu11;
				GCC_DYNAMIC_NO_PIC = NO;
				GCC_NO_COMMON_BLOCKS = YES;
				GCC_OPTIMIZATION_LEVEL = 0;
				GCC_PREPROCESSOR_DEFINITIONS = (
					"DEBUG=1",
					"$(inherited)",
				);
				GCC_WARN_64_TO_32_BIT_CONVERSION = YES;
				GCC_WARN_ABOUT_RETURN_TYPE = YES_ERROR;
				GCC_WARN_UNDECLARED_SELECTOR = YES;
				GCC_WARN_UNINITIALIZED_AUTOS = YES_AGGRESSIVE;
				GCC_WARN_UNUSED_FUNCTION = YES;
				GCC_WARN_UNUSED_VARIABLE = YES;
				MTL_ENABLE_DEBUG_INFO = INCLUDE_SOURCE;
				MTL_FAST_MATH = YES;
				ONLY_ACTIVE_ARCH = YES;
				SWIFT_ACTIVE_COMPILATION_CONDITIONS = DEBUG;
				SWIFT_OPTIMIZATION_LEVEL = "-Onone";
			};
			name = Debug;
		};
		EDF3F83A27623D2800B8D23D /* Release */ = {
			isa = XCBuildConfiguration;
			buildSettings = {
				ALWAYS_SEARCH_USER_PATHS = NO;
				CLANG_ANALYZER_NONNULL = YES;
				CLANG_ANALYZER_NUMBER_OBJECT_CONVERSION = YES_AGGRESSIVE;
				CLANG_CXX_LANGUAGE_STANDARD = "gnu++17";
				CLANG_CXX_LIBRARY = "libc++";
				CLANG_ENABLE_MODULES = YES;
				CLANG_ENABLE_OBJC_ARC = YES;
				CLANG_ENABLE_OBJC_WEAK = YES;
				CLANG_WARN_BLOCK_CAPTURE_AUTORELEASING = YES;
				CLANG_WARN_BOOL_CONVERSION = YES;
				CLANG_WARN_COMMA = YES;
				CLANG_WARN_CONSTANT_CONVERSION = YES;
				CLANG_WARN_DEPRECATED_OBJC_IMPLEMENTATIONS = YES;
				CLANG_WARN_DIRECT_OBJC_ISA_USAGE = YES_ERROR;
				CLANG_WARN_DOCUMENTATION_COMMENTS = YES;
				CLANG_WARN_EMPTY_BODY = YES;
				CLANG_WARN_ENUM_CONVERSION = YES;
				CLANG_WARN_INFINITE_RECURSION = YES;
				CLANG_WARN_INT_CONVERSION = YES;
				CLANG_WARN_NON_LITERAL_NULL_CONVERSION = YES;
				CLANG_WARN_OBJC_IMPLICIT_RETAIN_SELF = YES;
				CLANG_WARN_OBJC_LITERAL_CONVERSION = YES;
				CLANG_WARN_OBJC_ROOT_CLASS = YES_ERROR;
				CLANG_WARN_QUOTED_INCLUDE_IN_FRAMEWORK_HEADER = YES;
				CLANG_WARN_RANGE_LOOP_ANALYSIS = YES;
				CLANG_WARN_STRICT_PROTOTYPES = YES;
				CLANG_WARN_SUSPICIOUS_MOVE = YES;
				CLANG_WARN_UNGUARDED_AVAILABILITY = YES_AGGRESSIVE;
				CLANG_WARN_UNREACHABLE_CODE = YES;
				CLANG_WARN__DUPLICATE_METHOD_MATCH = YES;
				COPY_PHASE_STRIP = NO;
				DEBUG_INFORMATION_FORMAT = "dwarf-with-dsym";
				ENABLE_NS_ASSERTIONS = NO;
				ENABLE_STRICT_OBJC_MSGSEND = YES;
				GCC_C_LANGUAGE_STANDARD = gnu11;
				GCC_NO_COMMON_BLOCKS = YES;
				GCC_WARN_64_TO_32_BIT_CONVERSION = YES;
				GCC_WARN_ABOUT_RETURN_TYPE = YES_ERROR;
				GCC_WARN_UNDECLARED_SELECTOR = YES;
				GCC_WARN_UNINITIALIZED_AUTOS = YES_AGGRESSIVE;
				GCC_WARN_UNUSED_FUNCTION = YES;
				GCC_WARN_UNUSED_VARIABLE = YES;
				MTL_ENABLE_DEBUG_INFO = NO;
				MTL_FAST_MATH = YES;
				SWIFT_COMPILATION_MODE = wholemodule;
				SWIFT_OPTIMIZATION_LEVEL = "-O";
			};
			name = Release;
		};
		EDF3F83C27623D2800B8D23D /* Debug */ = {
			isa = XCBuildConfiguration;
			buildSettings = {
				ASSETCATALOG_COMPILER_APPICON_NAME = AppIcon;
				ASSETCATALOG_COMPILER_GLOBAL_ACCENT_COLOR_NAME = AccentColor;
				CODE_SIGN_STYLE = Automatic;
				CURRENT_PROJECT_VERSION = 1;
				ENABLE_PREVIEWS = YES;
				GENERATE_INFOPLIST_FILE = YES;
				INFOPLIST_KEY_UIApplicationSceneManifest_Generation = YES;
				INFOPLIST_KEY_UIApplicationSupportsIndirectInputEvents = YES;
				INFOPLIST_KEY_UILaunchScreen_Generation = YES;
				INFOPLIST_KEY_UISupportedInterfaceOrientations_iPad = "UIInterfaceOrientationPortrait UIInterfaceOrientationPortraitUpsideDown UIInterfaceOrientationLandscapeLeft UIInterfaceOrientationLandscapeRight";
				INFOPLIST_KEY_UISupportedInterfaceOrientations_iPhone = "UIInterfaceOrientationPortrait UIInterfaceOrientationLandscapeLeft UIInterfaceOrientationLandscapeRight";
				IPHONEOS_DEPLOYMENT_TARGET = 15.0;
				LD_RUNPATH_SEARCH_PATHS = (
					"$(inherited)",
					"@executable_path/Frameworks",
				);
				MARKETING_VERSION = 1.0;
				PRODUCT_BUNDLE_IDENTIFIER = "com.koukilab.InAppMessaging-Duplicate";
				PRODUCT_NAME = "InAppMessaging-Duplicate";
				SDKROOT = iphoneos;
				SWIFT_EMIT_LOC_STRINGS = YES;
				SWIFT_VERSION = 5.0;
				TARGETED_DEVICE_FAMILY = "1,2";
			};
			name = Debug;
		};
		EDF3F83D27623D2800B8D23D /* Release */ = {
			isa = XCBuildConfiguration;
			buildSettings = {
				ASSETCATALOG_COMPILER_APPICON_NAME = AppIcon;
				ASSETCATALOG_COMPILER_GLOBAL_ACCENT_COLOR_NAME = AccentColor;
				CODE_SIGN_STYLE = Automatic;
				CURRENT_PROJECT_VERSION = 1;
				ENABLE_PREVIEWS = YES;
				GENERATE_INFOPLIST_FILE = YES;
				INFOPLIST_KEY_UIApplicationSceneManifest_Generation = YES;
				INFOPLIST_KEY_UIApplicationSupportsIndirectInputEvents = YES;
				INFOPLIST_KEY_UILaunchScreen_Generation = YES;
				INFOPLIST_KEY_UISupportedInterfaceOrientations_iPad = "UIInterfaceOrientationPortrait UIInterfaceOrientationPortraitUpsideDown UIInterfaceOrientationLandscapeLeft UIInterfaceOrientationLandscapeRight";
				INFOPLIST_KEY_UISupportedInterfaceOrientations_iPhone = "UIInterfaceOrientationPortrait UIInterfaceOrientationLandscapeLeft UIInterfaceOrientationLandscapeRight";
				IPHONEOS_DEPLOYMENT_TARGET = 15.0;
				LD_RUNPATH_SEARCH_PATHS = (
					"$(inherited)",
					"@executable_path/Frameworks",
				);
				MARKETING_VERSION = 1.0;
				PRODUCT_BUNDLE_IDENTIFIER = "com.koukilab.InAppMessaging-Duplicate";
				PRODUCT_NAME = "InAppMessaging-Duplicate";
				SDKROOT = iphoneos;
				SWIFT_EMIT_LOC_STRINGS = YES;
				SWIFT_VERSION = 5.0;
				TARGETED_DEVICE_FAMILY = "1,2";
				VALIDATE_PRODUCT = YES;
			};
			name = Release;
		};
		EDF3F83F27623D2800B8D23D /* Debug */ = {
			isa = XCBuildConfiguration;
			buildSettings = {
				ASSETCATALOG_COMPILER_APPICON_NAME = AppIcon;
				ASSETCATALOG_COMPILER_GLOBAL_ACCENT_COLOR_NAME = AccentColor;
				CODE_SIGN_ENTITLEMENTS = macOS/macOS.entitlements;
				CODE_SIGN_STYLE = Automatic;
				COMBINE_HIDPI_IMAGES = YES;
				CURRENT_PROJECT_VERSION = 1;
				ENABLE_PREVIEWS = YES;
				GENERATE_INFOPLIST_FILE = YES;
				INFOPLIST_KEY_NSHumanReadableCopyright = "";
				LD_RUNPATH_SEARCH_PATHS = (
					"$(inherited)",
					"@executable_path/../Frameworks",
				);
				MACOSX_DEPLOYMENT_TARGET = 12.0;
				MARKETING_VERSION = 1.0;
				PRODUCT_BUNDLE_IDENTIFIER = "com.koukilab.InAppMessaging-Duplicate";
				PRODUCT_NAME = "InAppMessaging-Duplicate";
				SDKROOT = macosx;
				SWIFT_EMIT_LOC_STRINGS = YES;
				SWIFT_VERSION = 5.0;
			};
			name = Debug;
		};
		EDF3F84027623D2800B8D23D /* Release */ = {
			isa = XCBuildConfiguration;
			buildSettings = {
				ASSETCATALOG_COMPILER_APPICON_NAME = AppIcon;
				ASSETCATALOG_COMPILER_GLOBAL_ACCENT_COLOR_NAME = AccentColor;
				CODE_SIGN_ENTITLEMENTS = macOS/macOS.entitlements;
				CODE_SIGN_STYLE = Automatic;
				COMBINE_HIDPI_IMAGES = YES;
				CURRENT_PROJECT_VERSION = 1;
				ENABLE_PREVIEWS = YES;
				GENERATE_INFOPLIST_FILE = YES;
				INFOPLIST_KEY_NSHumanReadableCopyright = "";
				LD_RUNPATH_SEARCH_PATHS = (
					"$(inherited)",
					"@executable_path/../Frameworks",
				);
				MACOSX_DEPLOYMENT_TARGET = 12.0;
				MARKETING_VERSION = 1.0;
				PRODUCT_BUNDLE_IDENTIFIER = "com.koukilab.InAppMessaging-Duplicate";
				PRODUCT_NAME = "InAppMessaging-Duplicate";
				SDKROOT = macosx;
				SWIFT_EMIT_LOC_STRINGS = YES;
				SWIFT_VERSION = 5.0;
			};
			name = Release;
		};
/* End XCBuildConfiguration section */

/* Begin XCConfigurationList section */
		EDF3F82127623D2700B8D23D /* Build configuration list for PBXProject "InAppMessaging-Duplicate" */ = {
			isa = XCConfigurationList;
			buildConfigurations = (
				EDF3F83927623D2800B8D23D /* Debug */,
				EDF3F83A27623D2800B8D23D /* Release */,
			);
			defaultConfigurationIsVisible = 0;
			defaultConfigurationName = Release;
		};
		EDF3F83B27623D2800B8D23D /* Build configuration list for PBXNativeTarget "InAppMessaging-Duplicate (iOS)" */ = {
			isa = XCConfigurationList;
			buildConfigurations = (
				EDF3F83C27623D2800B8D23D /* Debug */,
				EDF3F83D27623D2800B8D23D /* Release */,
			);
			defaultConfigurationIsVisible = 0;
			defaultConfigurationName = Release;
		};
		EDF3F83E27623D2800B8D23D /* Build configuration list for PBXNativeTarget "InAppMessaging-Duplicate (macOS)" */ = {
			isa = XCConfigurationList;
			buildConfigurations = (
				EDF3F83F27623D2800B8D23D /* Debug */,
				EDF3F84027623D2800B8D23D /* Release */,
			);
			defaultConfigurationIsVisible = 0;
			defaultConfigurationName = Release;
		};
/* End XCConfigurationList section */
	};
	rootObject = EDF3F81E27623D2700B8D23D /* Project object */;
}
